
Microsoft Visual Studio Solution File, Format Version 12.00
# Visual Studio Version 17
VisualStudioVersion = 17.2.32602.215
MinimumVisualStudioVersion = 10.0.40219.1
Project("{FAE04EC0-301F-11D3-BF4B-00C04F79EFBC}") = "SistemaClickVidrieria", "SistemaClickVidrieria\SistemaClickVidrieria.csproj", "{3FD466BB-53B9-45E0-B356-61F3628104E6}"
EndProject
Global
	GlobalSection(SolutionConfigurationPlatforms) = preSolution
		Debug|Any CPU = Debug|Any CPU
		Release|Any CPU = Release|Any CPU
	EndGlobalSection
	GlobalSection(ProjectConfigurationPlatforms) = postSolution
		{3FD466BB-53B9-45E0-B356-61F3628104E6}.Debug|Any CPU.ActiveCfg = Debug|Any CPU
		{3FD466BB-53B9-45E0-B356-61F3628104E6}.Debug|Any CPU.Build.0 = Debug|Any CPU
		{3FD466BB-53B9-45E0-B356-61F3628104E6}.Release|Any CPU.ActiveCfg = Release|Any CPU
		{3FD466BB-53B9-45E0-B356-61F3628104E6}.Release|Any CPU.Build.0 = Release|Any CPU
	EndGlobalSection
	GlobalSection(SolutionProperties) = preSolution
		HideSolutionNode = FALSE
	EndGlobalSection
	GlobalSection(ExtensibilityGlobals) = postSolution
		SolutionGuid = {0C0C6AF4-30A2-4738-A948-7D8F4E97ECB6}
	EndGlobalSection
EndGlobal
